
Microsoft Visual Studio Solution File, Format Version 12.00
# Visual Studio 15
VisualStudioVersion = 15.0.28307.705
MinimumVisualStudioVersion = 10.0.40219.1
Project("{FAE04EC0-301F-11D3-BF4B-00C04F79EFBC}") = "0807POS機系統", "0807POS機系統\0807POS機系統.csproj", "{F4BC3157-2595-448C-8A9E-ECD7C48C2BD6}"
EndProject
Global
	GlobalSection(SolutionConfigurationPlatforms) = preSolution
		Debug|Any CPU = Debug|Any CPU
		Release|Any CPU = Release|Any CPU
	EndGlobalSection
	GlobalSection(ProjectConfigurationPlatforms) = postSolution
		{F4BC3157-2595-448C-8A9E-ECD7C48C2BD6}.Debug|Any CPU.ActiveCfg = Debug|Any CPU
		{F4BC3157-2595-448C-8A9E-ECD7C48C2BD6}.Debug|Any CPU.Build.0 = Debug|Any CPU
		{F4BC3157-2595-448C-8A9E-ECD7C48C2BD6}.Release|Any CPU.ActiveCfg = Release|Any CPU
		{F4BC3157-2595-448C-8A9E-ECD7C48C2BD6}.Release|Any CPU.Build.0 = Release|Any CPU
	EndGlobalSection
	GlobalSection(SolutionProperties) = preSolution
		HideSolutionNode = FALSE
	EndGlobalSection
	GlobalSection(ExtensibilityGlobals) = postSolution
		SolutionGuid = {ACB95A52-6F72-4F21-94BF-4901275E5952}
	EndGlobalSection
EndGlobal
