
Microsoft Visual Studio Solution File, Format Version 12.00
# Visual Studio 15
VisualStudioVersion = 15.0.28307.705
MinimumVisualStudioVersion = 10.0.40219.1
Project("{FAE04EC0-301F-11D3-BF4B-00C04F79EFBC}") = "alarm", "alarm\alarm.csproj", "{9B3E37DD-0DF4-4F49-BC0F-A2C3A0EF17A9}"
EndProject
Global
	GlobalSection(SolutionConfigurationPlatforms) = preSolution
		Debug|Any CPU = Debug|Any CPU
		Release|Any CPU = Release|Any CPU
	EndGlobalSection
	GlobalSection(ProjectConfigurationPlatforms) = postSolution
		{9B3E37DD-0DF4-4F49-BC0F-A2C3A0EF17A9}.Debug|Any CPU.ActiveCfg = Debug|Any CPU
		{9B3E37DD-0DF4-4F49-BC0F-A2C3A0EF17A9}.Debug|Any CPU.Build.0 = Debug|Any CPU
		{9B3E37DD-0DF4-4F49-BC0F-A2C3A0EF17A9}.Release|Any CPU.ActiveCfg = Release|Any CPU
		{9B3E37DD-0DF4-4F49-BC0F-A2C3A0EF17A9}.Release|Any CPU.Build.0 = Release|Any CPU
	EndGlobalSection
	GlobalSection(SolutionProperties) = preSolution
		HideSolutionNode = FALSE
	EndGlobalSection
	GlobalSection(ExtensibilityGlobals) = postSolution
		SolutionGuid = {FE289479-447F-40A6-8C27-7625D78A4AF3}
	EndGlobalSection
EndGlobal
